
Microsoft Visual Studio Solution File, Format Version 12.00
# Visual Studio Version 16
VisualStudioVersion = 16.0.30204.135
MinimumVisualStudioVersion = 10.0.40219.1
Project("{FAE04EC0-301F-11D3-BF4B-00C04F79EFBC}") = "MyFirstWebApi", "MyFirstWebApi.csproj", "{2A4C4389-6620-43B8-91C5-DB0A6FDC947D}"
EndProject
Global
	GlobalSection(SolutionConfigurationPlatforms) = preSolution
		Debug|Any CPU = Debug|Any CPU
		Release|Any CPU = Release|Any CPU
	EndGlobalSection
	GlobalSection(ProjectConfigurationPlatforms) = postSolution
		{2A4C4389-6620-43B8-91C5-DB0A6FDC947D}.Debug|Any CPU.ActiveCfg = Debug|Any CPU
		{2A4C4389-6620-43B8-91C5-DB0A6FDC947D}.Debug|Any CPU.Build.0 = Debug|Any CPU
		{2A4C4389-6620-43B8-91C5-DB0A6FDC947D}.Release|Any CPU.ActiveCfg = Release|Any CPU
		{2A4C4389-6620-43B8-91C5-DB0A6FDC947D}.Release|Any CPU.Build.0 = Release|Any CPU
	EndGlobalSection
	GlobalSection(SolutionProperties) = preSolution
		HideSolutionNode = FALSE
	EndGlobalSection
	GlobalSection(ExtensibilityGlobals) = postSolution
		SolutionGuid = {58671A94-AA8E-4981-9C3C-5673A1121D17}
	EndGlobalSection
EndGlobal
